{
  "name": "eros-data-pipe",
  "lockfileVersion": 3,
  "requires": true,
  "packages": {
    "": {
      "dependencies": {
        "@dataform/core": "^3.0.0"
      }
    },
    "node_modules/@dataform/core": {
      "version": "3.0.31",
      "resolved": "https://registry.npmjs.org/@dataform/core/-/core-3.0.31.tgz",
      "integrity": "sha512-etfWvdtVwtwY/564ISRZVkSriK770K43XM38dqjyEa86uAFCf85Ht5hr2g4zF5U3FJ/twnnHHCzXguxXjvZCog==",
      "license": "Apache-2.0"
    }
  }
}
