{
  "name": "eros-data-pipe",
  "lockfileVersion": 3,
  "requires": true,
  "packages": {
    "": {
      "dependencies": {
        "@dataform/core": "^3.0.0"
      }
    },
    "node_modules/@dataform/core": {
      "version": "3.0.33",
      "resolved": "https://registry.npmjs.org/@dataform/core/-/core-3.0.33.tgz",
      "integrity": "sha512-rUEc4q3iQ1DUT0RUc+PzQvwSjuau2RItJgQDp9nmhG89Y/CqnQJUc7q7RDEB9ulDS2zWT1sf5JVBfUkbuMN80A==",
      "license": "Apache-2.0"
    }
  }
}
