{
  "name": "eros-data-pipe",
  "lockfileVersion": 3,
  "requires": true,
  "packages": {
    "": {
      "dependencies": {
        "@dataform/core": "3.0.0"
      },
      "engines": {
        "node": ">=20 <21"
      }
    },
    "node_modules/@dataform/core": {
      "version": "3.0.0",
      "resolved": "https://registry.npmjs.org/@dataform/core/-/core-3.0.0.tgz",
      "integrity": "sha512-MORO8ADZkkPfAHH0S/jb3o/6HOYT4klw+hCgyHkNInFTnIYAN+zzgHc9++FrtXNyer0MvnZ351XTBveIVw7tcg==",
      "license": "Apache-2.0"
    }
  }
}
